// !$*UTF8*$!
{
	archiveVersion = 1;
	classes = {
	};
	objectVersion = 46;
	objects = {

/* Begin PBXBuildFile section */
		1EC83A721DF326620059321C /* AppDelegate.swift in Sources */ = {isa = PBXBuildFile; fileRef = 1EC83A711DF326620059321C /* AppDelegate.swift */; };
		1EC83A741DF326620059321C /* ViewController.swift in Sources */ = {isa = PBXBuildFile; fileRef = 1EC83A731DF326620059321C /* ViewController.swift */; };
		1EC83A771DF326620059321C /* Main.storyboard in Resources */ = {isa = PBXBuildFile; fileRef = 1EC83A751DF326620059321C /* Main.storyboard */; };
		1EC83A791DF326620059321C /* Assets.xcassets in Resources */ = {isa = PBXBuildFile; fileRef = 1EC83A781DF326620059321C /* Assets.xcassets */; };
		1EC83A7C1DF326620059321C /* LaunchScreen.storyboard in Resources */ = {isa = PBXBuildFile; fileRef = 1EC83A7A1DF326620059321C /* LaunchScreen.storyboard */; };
		1EC83A871DF326620059321C /* Gymtastic2Tests.swift in Sources */ = {isa = PBXBuildFile; fileRef = 1EC83A861DF326620059321C /* Gymtastic2Tests.swift */; };
		1EC83A921DF326620059321C /* Gymtastic2UITests.swift in Sources */ = {isa = PBXBuildFile; fileRef = 1EC83A911DF326620059321C /* Gymtastic2UITests.swift */; };
/* End PBXBuildFile section */

/* Begin PBXContainerItemProxy section */
		1EC83A831DF326620059321C /* PBXContainerItemProxy */ = {
			isa = PBXContainerItemProxy;
			containerPortal = 1EC83A661DF326620059321C /* Project object */;
			proxyType = 1;
			remoteGlobalIDString = 1EC83A6D1DF326620059321C;
			remoteInfo = Gymtastic2;
		};
		1EC83A8E1DF326620059321C /* PBXContainerItemProxy */ = {
			isa = PBXContainerItemProxy;
			containerPortal = 1EC83A661DF326620059321C /* Project object */;
			proxyType = 1;
			remoteGlobalIDString = 1EC83A6D1DF326620059321C;
			remoteInfo = Gymtastic2;
		};
/* End PBXContainerItemProxy section */

/* Begin PBXFileReference section */
		1EC83A6E1DF326620059321C /* Gymtastic2.app */ = {isa = PBXFileReference; explicitFileType = wrapper.application; includeInIndex = 0; path = Gymtastic2.app; sourceTree = BUILT_PRODUCTS_DIR; };
		1EC83A711DF326620059321C /* AppDelegate.swift */ = {isa = PBXFileReference; lastKnownFileType = sourcecode.swift; path = AppDelegate.swift; sourceTree = "<group>"; };
		1EC83A731DF326620059321C /* ViewController.swift */ = {isa = PBXFileReference; lastKnownFileType = sourcecode.swift; path = ViewController.swift; sourceTree = "<group>"; };
		1EC83A761DF326620059321C /* Base */ = {isa = PBXFileReference; lastKnownFileType = file.storyboard; name = Base; path = Base.lproj/Main.storyboard; sourceTree = "<group>"; };
		1EC83A781DF326620059321C /* Assets.xcassets */ = {isa = PBXFileReference; lastKnownFileType = folder.assetcatalog; path = Assets.xcassets; sourceTree = "<group>"; };
		1EC83A7B1DF326620059321C /* Base */ = {isa = PBXFileReference; lastKnownFileType = file.storyboard; name = Base; path = Base.lproj/LaunchScreen.storyboard; sourceTree = "<group>"; };
		1EC83A7D1DF326620059321C /* Info.plist */ = {isa = PBXFileReference; lastKnownFileType = text.plist.xml; path = Info.plist; sourceTree = "<group>"; };
		1EC83A821DF326620059321C /* Gymtastic2Tests.xctest */ = {isa = PBXFileReference; explicitFileType = wrapper.cfbundle; includeInIndex = 0; path = Gymtastic2Tests.xctest; sourceTree = BUILT_PRODUCTS_DIR; };
		1EC83A861DF326620059321C /* Gymtastic2Tests.swift */ = {isa = PBXFileReference; lastKnownFileType = sourcecode.swift; path = Gymtastic2Tests.swift; sourceTree = "<group>"; };
		1EC83A881DF326620059321C /* Info.plist */ = {isa = PBXFileReference; lastKnownFileType = text.plist.xml; path = Info.plist; sourceTree = "<group>"; };
		1EC83A8D1DF326620059321C /* Gymtastic2UITests.xctest */ = {isa = PBXFileReference; explicitFileType = wrapper.cfbundle; includeInIndex = 0; path = Gymtastic2UITests.xctest; sourceTree = BUILT_PRODUCTS_DIR; };
		1EC83A911DF326620059321C /* Gymtastic2UITests.swift */ = {isa = PBXFileReference; lastKnownFileType = sourcecode.swift; path = Gymtastic2UITests.swift; sourceTree = "<group>"; };
		1EC83A931DF326620059321C /* Info.plist */ = {isa = PBXFileReference; lastKnownFileType = text.plist.xml; path = Info.plist; sourceTree = "<group>"; };
/* End PBXFileReference section */

/* Begin PBXFrameworksBuildPhase section */
		1EC83A6B1DF326620059321C /* Frameworks */ = {
			isa = PBXFrameworksBuildPhase;
			buildActionMask = 2147483647;
			files = (
			);
			runOnlyForDeploymentPostprocessing = 0;
		};
		1EC83A7F1DF326620059321C /* Frameworks */ = {
			isa = PBXFrameworksBuildPhase;
			buildActionMask = 2147483647;
			files = (
			);
			runOnlyForDeploymentPostprocessing = 0;
		};
		1EC83A8A1DF326620059321C /* Frameworks */ = {
			isa = PBXFrameworksBuildPhase;
			buildActionMask = 2147483647;
			files = (
			);
			runOnlyForDeploymentPostprocessing = 0;
		};
/* End PBXFrameworksBuildPhase section */

/* Begin PBXGroup section */
		1EC83A651DF326620059321C = {
			isa = PBXGroup;
			children = (
				1EC83A701DF326620059321C /* Gymtastic2 */,
				1EC83A851DF326620059321C /* Gymtastic2Tests */,
				1EC83A901DF326620059321C /* Gymtastic2UITests */,
				1EC83A6F1DF326620059321C /* Products */,
			);
			sourceTree = "<group>";
		};
		1EC83A6F1DF326620059321C /* Products */ = {
			isa = PBXGroup;
			children = (
				1EC83A6E1DF326620059321C /* Gymtastic2.app */,
				1EC83A821DF326620059321C /* Gymtastic2Tests.xctest */,
				1EC83A8D1DF326620059321C /* Gymtastic2UITests.xctest */,
			);
			name = Products;
			sourceTree = "<group>";
		};
		1EC83A701DF326620059321C /* Gymtastic2 */ = {
			isa = PBXGroup;
			children = (
				1EC83A711DF326620059321C /* AppDelegate.swift */,
				1EC83A731DF326620059321C /* ViewController.swift */,
				1EC83A751DF326620059321C /* Main.storyboard */,
				1EC83A781DF326620059321C /* Assets.xcassets */,
				1EC83A7A1DF326620059321C /* LaunchScreen.storyboard */,
				1EC83A7D1DF326620059321C /* Info.plist */,
			);
			path = Gymtastic2;
			sourceTree = "<group>";
		};
		1EC83A851DF326620059321C /* Gymtastic2Tests */ = {
			isa = PBXGroup;
			children = (
				1EC83A861DF326620059321C /* Gymtastic2Tests.swift */,
				1EC83A881DF326620059321C /* Info.plist */,
			);
			path = Gymtastic2Tests;
			sourceTree = "<group>";
		};
		1EC83A901DF326620059321C /* Gymtastic2UITests */ = {
			isa = PBXGroup;
			children = (
				1EC83A911DF326620059321C /* Gymtastic2UITests.swift */,
				1EC83A931DF326620059321C /* Info.plist */,
			);
			path = Gymtastic2UITests;
			sourceTree = "<group>";
		};
/* End PBXGroup section */

/* Begin PBXNativeTarget section */
		1EC83A6D1DF326620059321C /* Gymtastic2 */ = {
			isa = PBXNativeTarget;
			buildConfigurationList = 1EC83A961DF326620059321C /* Build configuration list for PBXNativeTarget "Gymtastic2" */;
			buildPhases = (
				1EC83A6A1DF326620059321C /* Sources */,
				1EC83A6B1DF326620059321C /* Frameworks */,
				1EC83A6C1DF326620059321C /* Resources */,
			);
			buildRules = (
			);
			dependencies = (
			);
			name = Gymtastic2;
			productName = Gymtastic2;
			productReference = 1EC83A6E1DF326620059321C /* Gymtastic2.app */;
			productType = "com.apple.product-type.application";
		};
		1EC83A811DF326620059321C /* Gymtastic2Tests */ = {
			isa = PBXNativeTarget;
			buildConfigurationList = 1EC83A991DF326620059321C /* Build configuration list for PBXNativeTarget "Gymtastic2Tests" */;
			buildPhases = (
				1EC83A7E1DF326620059321C /* Sources */,
				1EC83A7F1DF326620059321C /* Frameworks */,
				1EC83A801DF326620059321C /* Resources */,
			);
			buildRules = (
			);
			dependencies = (
				1EC83A841DF326620059321C /* PBXTargetDependency */,
			);
			name = Gymtastic2Tests;
			productName = Gymtastic2Tests;
			productReference = 1EC83A821DF326620059321C /* Gymtastic2Tests.xctest */;
			productType = "com.apple.product-type.bundle.unit-test";
		};
		1EC83A8C1DF326620059321C /* Gymtastic2UITests */ = {
			isa = PBXNativeTarget;
			buildConfigurationList = 1EC83A9C1DF326620059321C /* Build configuration list for PBXNativeTarget "Gymtastic2UITests" */;
			buildPhases = (
				1EC83A891DF326620059321C /* Sources */,
				1EC83A8A1DF326620059321C /* Frameworks */,
				1EC83A8B1DF326620059321C /* Resources */,
			);
			buildRules = (
			);
			dependencies = (
				1EC83A8F1DF326620059321C /* PBXTargetDependency */,
			);
			name = Gymtastic2UITests;
			productName = Gymtastic2UITests;
			productReference = 1EC83A8D1DF326620059321C /* Gymtastic2UITests.xctest */;
			productType = "com.apple.product-type.bundle.ui-testing";
		};
/* End PBXNativeTarget section */

/* Begin PBXProject section */
		1EC83A661DF326620059321C /* Project object */ = {
			isa = PBXProject;
			attributes = {
				LastSwiftUpdateCheck = 0810;
				LastUpgradeCheck = 0810;
				ORGANIZATIONNAME = "Tessa Wiedmann";
				TargetAttributes = {
					1EC83A6D1DF326620059321C = {
						CreatedOnToolsVersion = 8.1;
						ProvisioningStyle = Automatic;
					};
					1EC83A811DF326620059321C = {
						CreatedOnToolsVersion = 8.1;
						ProvisioningStyle = Automatic;
						TestTargetID = 1EC83A6D1DF326620059321C;
					};
					1EC83A8C1DF326620059321C = {
						CreatedOnToolsVersion = 8.1;
						ProvisioningStyle = Automatic;
						TestTargetID = 1EC83A6D1DF326620059321C;
					};
				};
			};
			buildConfigurationList = 1EC83A691DF326620059321C /* Build configuration list for PBXProject "Gymtastic2" */;
			compatibilityVersion = "Xcode 3.2";
			developmentRegion = English;
			hasScannedForEncodings = 0;
			knownRegions = (
				en,
				Base,
			);
			mainGroup = 1EC83A651DF326620059321C;
			productRefGroup = 1EC83A6F1DF326620059321C /* Products */;
			projectDirPath = "";
			projectRoot = "";
			targets = (
				1EC83A6D1DF326620059321C /* Gymtastic2 */,
				1EC83A811DF326620059321C /* Gymtastic2Tests */,
				1EC83A8C1DF326620059321C /* Gymtastic2UITests */,
			);
		};
/* End PBXProject section */

/* Begin PBXResourcesBuildPhase section */
		1EC83A6C1DF326620059321C /* Resources */ = {
			isa = PBXResourcesBuildPhase;
			buildActionMask = 2147483647;
			files = (
				1EC83A7C1DF326620059321C /* LaunchScreen.storyboard in Resources */,
				1EC83A791DF326620059321C /* Assets.xcassets in Resources */,
				1EC83A771DF326620059321C /* Main.storyboard in Resources */,
			);
			runOnlyForDeploymentPostprocessing = 0;
		};
		1EC83A801DF326620059321C /* Resources */ = {
			isa = PBXResourcesBuildPhase;
			buildActionMask = 2147483647;
			files = (
			);
			runOnlyForDeploymentPostprocessing = 0;
		};
		1EC83A8B1DF326620059321C /* Resources */ = {
			isa = PBXResourcesBuildPhase;
			buildActionMask = 2147483647;
			files = (
			);
			runOnlyForDeploymentPostprocessing = 0;
		};
/* End PBXResourcesBuildPhase section */

/* Begin PBXSourcesBuildPhase section */
		1EC83A6A1DF326620059321C /* Sources */ = {
			isa = PBXSourcesBuildPhase;
			buildActionMask = 2147483647;
			files = (
				1EC83A741DF326620059321C /* ViewController.swift in Sources */,
				1EC83A721DF326620059321C /* AppDelegate.swift in Sources */,
			);
			runOnlyForDeploymentPostprocessing = 0;
		};
		1EC83A7E1DF326620059321C /* Sources */ = {
			isa = PBXSourcesBuildPhase;
			buildActionMask = 2147483647;
			files = (
				1EC83A871DF326620059321C /* Gymtastic2Tests.swift in Sources */,
			);
			runOnlyForDeploymentPostprocessing = 0;
		};
		1EC83A891DF326620059321C /* Sources */ = {
			isa = PBXSourcesBuildPhase;
			buildActionMask = 2147483647;
			files = (
				1EC83A921DF326620059321C /* Gymtastic2UITests.swift in Sources */,
			);
			runOnlyForDeploymentPostprocessing = 0;
		};
/* End PBXSourcesBuildPhase section */

/* Begin PBXTargetDependency section */
		1EC83A841DF326620059321C /* PBXTargetDependency */ = {
			isa = PBXTargetDependency;
			target = 1EC83A6D1DF326620059321C /* Gymtastic2 */;
			targetProxy = 1EC83A831DF326620059321C /* PBXContainerItemProxy */;
		};
		1EC83A8F1DF326620059321C /* PBXTargetDependency */ = {
			isa = PBXTargetDependency;
			target = 1EC83A6D1DF326620059321C /* Gymtastic2 */;
			targetProxy = 1EC83A8E1DF326620059321C /* PBXContainerItemProxy */;
		};
/* End PBXTargetDependency section */

/* Begin PBXVariantGroup section */
		1EC83A751DF326620059321C /* Main.storyboard */ = {
			isa = PBXVariantGroup;
			children = (
				1EC83A761DF326620059321C /* Base */,
			);
			name = Main.storyboard;
			sourceTree = "<group>";
		};
		1EC83A7A1DF326620059321C /* LaunchScreen.storyboard */ = {
			isa = PBXVariantGroup;
			children = (
				1EC83A7B1DF326620059321C /* Base */,
			);
			name = LaunchScreen.storyboard;
			sourceTree = "<group>";
		};
/* End PBXVariantGroup section */

/* Begin XCBuildConfiguration section */
		1EC83A941DF326620059321C /* Debug */ = {
			isa = XCBuildConfiguration;
			buildSettings = {
				ALWAYS_SEARCH_USER_PATHS = NO;
				CLANG_ANALYZER_NONNULL = YES;
				CLANG_CXX_LANGUAGE_STANDARD = "gnu++0x";
				CLANG_CXX_LIBRARY = "libc++";
				CLANG_ENABLE_MODULES = YES;
				CLANG_ENABLE_OBJC_ARC = YES;
				CLANG_WARN_BOOL_CONVERSION = YES;
				CLANG_WARN_CONSTANT_CONVERSION = YES;
				CLANG_WARN_DIRECT_OBJC_ISA_USAGE = YES_ERROR;
				CLANG_WARN_DOCUMENTATION_COMMENTS = YES;
				CLANG_WARN_EMPTY_BODY = YES;
				CLANG_WARN_ENUM_CONVERSION = YES;
				CLANG_WARN_INFINITE_RECURSION = YES;
				CLANG_WARN_INT_CONVERSION = YES;
				CLANG_WARN_OBJC_ROOT_CLASS = YES_ERROR;
				CLANG_WARN_SUSPICIOUS_MOVES = YES;
				CLANG_WARN_UNREACHABLE_CODE = YES;
				CLANG_WARN__DUPLICATE_METHOD_MATCH = YES;
				"CODE_SIGN_IDENTITY[sdk=iphoneos*]" = "iPhone Developer";
				COPY_PHASE_STRIP = NO;
				DEBUG_INFORMATION_FORMAT = dwarf;
				ENABLE_STRICT_OBJC_MSGSEND = YES;
				ENABLE_TESTABILITY = YES;
				GCC_C_LANGUAGE_STANDARD = gnu99;
				GCC_DYNAMIC_NO_PIC = NO;
				GCC_NO_COMMON_BLOCKS = YES;
				GCC_OPTIMIZATION_LEVEL = 0;
				GCC_PREPROCESSOR_DEFINITIONS = (
					"DEBUG=1",
					"$(inherited)",
				);
				GCC_WARN_64_TO_32_BIT_CONVERSION = YES;
				GCC_WARN_ABOUT_RETURN_TYPE = YES_ERROR;
				GCC_WARN_UNDECLARED_SELECTOR = YES;
				GCC_WARN_UNINITIALIZED_AUTOS = YES_AGGRESSIVE;
				GCC_WARN_UNUSED_FUNCTION = YES;
				GCC_WARN_UNUSED_VARIABLE = YES;
				IPHONEOS_DEPLOYMENT_TARGET = 10.1;
				MTL_ENABLE_DEBUG_INFO = YES;
				ONLY_ACTIVE_ARCH = YES;
				SDKROOT = iphoneos;
				SWIFT_ACTIVE_COMPILATION_CONDITIONS = DEBUG;
				SWIFT_OPTIMIZATION_LEVEL = "-Onone";
				TARGETED_DEVICE_FAMILY = "1,2";
			};
			name = Debug;
		};
		1EC83A951DF326620059321C /* Release */ = {
			isa = XCBuildConfiguration;
			buildSettings = {
				ALWAYS_SEARCH_USER_PATHS = NO;
				CLANG_ANALYZER_NONNULL = YES;
				CLANG_CXX_LANGUAGE_STANDARD = "gnu++0x";
				CLANG_CXX_LIBRARY = "libc++";
				CLANG_ENABLE_MODULES = YES;
				CLANG_ENABLE_OBJC_ARC = YES;
				CLANG_WARN_BOOL_CONVERSION = YES;
				CLANG_WARN_CONSTANT_CONVERSION = YES;
				CLANG_WARN_DIRECT_OBJC_ISA_USAGE = YES_ERROR;
				CLANG_WARN_DOCUMENTATION_COMMENTS = YES;
				CLANG_WARN_EMPTY_BODY = YES;
				CLANG_WARN_ENUM_CONVERSION = YES;
				CLANG_WARN_INFINITE_RECURSION = YES;
				CLANG_WARN_INT_CONVERSION = YES;
				CLANG_WARN_OBJC_ROOT_CLASS = YES_ERROR;
				CLANG_WARN_SUSPICIOUS_MOVES = YES;
				CLANG_WARN_UNREACHABLE_CODE = YES;
				CLANG_WARN__DUPLICATE_METHOD_MATCH = YES;
				"CODE_SIGN_IDENTITY[sdk=iphoneos*]" = "iPhone Developer";
				COPY_PHASE_STRIP = NO;
				DEBUG_INFORMATION_FORMAT = "dwarf-with-dsym";
				ENABLE_NS_ASSERTIONS = NO;
				ENABLE_STRICT_OBJC_MSGSEND = YES;
				GCC_C_LANGUAGE_STANDARD = gnu99;
				GCC_NO_COMMON_BLOCKS = YES;
				GCC_WARN_64_TO_32_BIT_CONVERSION = YES;
				GCC_WARN_ABOUT_RETURN_TYPE = YES_ERROR;
				GCC_WARN_UNDECLARED_SELECTOR = YES;
				GCC_WARN_UNINITIALIZED_AUTOS = YES_AGGRESSIVE;
				GCC_WARN_UNUSED_FUNCTION = YES;
				GCC_WARN_UNUSED_VARIABLE = YES;
				IPHONEOS_DEPLOYMENT_TARGET = 10.1;
				MTL_ENABLE_DEBUG_INFO = NO;
				SDKROOT = iphoneos;
				SWIFT_OPTIMIZATION_LEVEL = "-Owholemodule";
				TARGETED_DEVICE_FAMILY = "1,2";
				VALIDATE_PRODUCT = YES;
			};
			name = Release;
		};
		1EC83A971DF326620059321C /* Debug */ = {
			isa = XCBuildConfiguration;
			buildSettings = {
				ASSETCATALOG_COMPILER_APPICON_NAME = AppIcon;
				INFOPLIST_FILE = Gymtastic2/Info.plist;
				LD_RUNPATH_SEARCH_PATHS = "$(inherited) @executable_path/Frameworks";
				PRODUCT_BUNDLE_IDENTIFIER = com.Gymtastic2;
				PRODUCT_NAME = "$(TARGET_NAME)";
				SWIFT_VERSION = 3.0;
			};
			name = Debug;
		};
		1EC83A981DF326620059321C /* Release */ = {
			isa = XCBuildConfiguration;
			buildSettings = {
				ASSETCATALOG_COMPILER_APPICON_NAME = AppIcon;
				INFOPLIST_FILE = Gymtastic2/Info.plist;
				LD_RUNPATH_SEARCH_PATHS = "$(inherited) @executable_path/Frameworks";
				PRODUCT_BUNDLE_IDENTIFIER = com.Gymtastic2;
				PRODUCT_NAME = "$(TARGET_NAME)";
				SWIFT_VERSION = 3.0;
			};
			name = Release;
		};
		1EC83A9A1DF326620059321C /* Debug */ = {
			isa = XCBuildConfiguration;
			buildSettings = {
				ALWAYS_EMBED_SWIFT_STANDARD_LIBRARIES = YES;
				BUNDLE_LOADER = "$(TEST_HOST)";
				INFOPLIST_FILE = Gymtastic2Tests/Info.plist;
				LD_RUNPATH_SEARCH_PATHS = "$(inherited) @executable_path/Frameworks @loader_path/Frameworks";
				PRODUCT_BUNDLE_IDENTIFIER = com.Gymtastic2Tests;
				PRODUCT_NAME = "$(TARGET_NAME)";
				SWIFT_VERSION = 3.0;
				TEST_HOST = "$(BUILT_PRODUCTS_DIR)/Gymtastic2.app/Gymtastic2";
			};
			name = Debug;
		};
		1EC83A9B1DF326620059321C /* Release */ = {
			isa = XCBuildConfiguration;
			buildSettings = {
				ALWAYS_EMBED_SWIFT_STANDARD_LIBRARIES = YES;
				BUNDLE_LOADER = "$(TEST_HOST)";
				INFOPLIST_FILE = Gymtastic2Tests/Info.plist;
				LD_RUNPATH_SEARCH_PATHS = "$(inherited) @executable_path/Frameworks @loader_path/Frameworks";
				PRODUCT_BUNDLE_IDENTIFIER = com.Gymtastic2Tests;
				PRODUCT_NAME = "$(TARGET_NAME)";
				SWIFT_VERSION = 3.0;
				TEST_HOST = "$(BUILT_PRODUCTS_DIR)/Gymtastic2.app/Gymtastic2";
			};
			name = Release;
		};
		1EC83A9D1DF326620059321C /* Debug */ = {
			isa = XCBuildConfiguration;
			buildSettings = {
				ALWAYS_EMBED_SWIFT_STANDARD_LIBRARIES = YES;
				INFOPLIST_FILE = Gymtastic2UITests/Info.plist;
				LD_RUNPATH_SEARCH_PATHS = "$(inherited) @executable_path/Frameworks @loader_path/Frameworks";
				PRODUCT_BUNDLE_IDENTIFIER = com.Gymtastic2UITests;
				PRODUCT_NAME = "$(TARGET_NAME)";
				SWIFT_VERSION = 3.0;
				TEST_TARGET_NAME = Gymtastic2;
			};
			name = Debug;
		};
		1EC83A9E1DF326620059321C /* Release */ = {
			isa = XCBuildConfiguration;
			buildSettings = {
				ALWAYS_EMBED_SWIFT_STANDARD_LIBRARIES = YES;
				INFOPLIST_FILE = Gymtastic2UITests/Info.plist;
				LD_RUNPATH_SEARCH_PATHS = "$(inherited) @executable_path/Frameworks @loader_path/Frameworks";
				PRODUCT_BUNDLE_IDENTIFIER = com.Gymtastic2UITests;
				PRODUCT_NAME = "$(TARGET_NAME)";
				SWIFT_VERSION = 3.0;
				TEST_TARGET_NAME = Gymtastic2;
			};
			name = Release;
		};
/* End XCBuildConfiguration section */

/* Begin XCConfigurationList section */
		1EC83A691DF326620059321C /* Build configuration list for PBXProject "Gymtastic2" */ = {
			isa = XCConfigurationList;
			buildConfigurations = (
				1EC83A941DF326620059321C /* Debug */,
				1EC83A951DF326620059321C /* Release */,
			);
			defaultConfigurationIsVisible = 0;
			defaultConfigurationName = Release;
		};
		1EC83A961DF326620059321C /* Build configuration list for PBXNativeTarget "Gymtastic2" */ = {
			isa = XCConfigurationList;
			buildConfigurations = (
				1EC83A971DF326620059321C /* Debug */,
				1EC83A981DF326620059321C /* Release */,
			);
			defaultConfigurationIsVisible = 0;
		};
		1EC83A991DF326620059321C /* Build configuration list for PBXNativeTarget "Gymtastic2Tests" */ = {
			isa = XCConfigurationList;
			buildConfigurations = (
				1EC83A9A1DF326620059321C /* Debug */,
				1EC83A9B1DF326620059321C /* Release */,
			);
			defaultConfigurationIsVisible = 0;
		};
		1EC83A9C1DF326620059321C /* Build configuration list for PBXNativeTarget "Gymtastic2UITests" */ = {
			isa = XCConfigurationList;
			buildConfigurations = (
				1EC83A9D1DF326620059321C /* Debug */,
				1EC83A9E1DF326620059321C /* Release */,
			);
			defaultConfigurationIsVisible = 0;
		};
/* End XCConfigurationList section */
	};
	rootObject = 1EC83A661DF326620059321C /* Project object */;
}
